
Microsoft Visual Studio Solution File, Format Version 12.00
# Visual Studio 15
VisualStudioVersion = 15.0.27428.2005
MinimumVisualStudioVersion = 10.0.40219.1
Project("{8BC9CEB8-8B4A-11D0-8D11-00A0C91BC942}") = "d3_1244", "d3_1244\d3_1244.vcxproj", "{6C957F35-C84C-442E-A4C9-5598491EFC4E}"
EndProject
Project("{8BC9CEB8-8B4A-11D0-8D11-00A0C91BC942}") = "d3_1204", "d2_1204\d2_1204.vcxproj", "{DD179347-E0E1-4EC5-AEEF-3F4DA26F8F67}"
EndProject
Project("{8BC9CEB8-8B4A-11D0-8D11-00A0C91BC942}") = "d3_1208", "d3_1208\d3_1208.vcxproj", "{0C2B3268-2E6C-4D97-8605-0C57565C5E0D}"
EndProject
Project("{8BC9CEB8-8B4A-11D0-8D11-00A0C91BC942}") = "d3_1209", "d3_1209\d3_1209.vcxproj", "{E8715214-E645-449D-984E-117E9553C53D}"
EndProject
Project("{8BC9CEB8-8B4A-11D0-8D11-00A0C91BC942}") = "d4_1210", "d4_1210\d4_1210.vcxproj", "{CF638BBB-6474-445D-B9D7-83C2FE6DA1FD}"
EndProject
Project("{8BC9CEB8-8B4A-11D0-8D11-00A0C91BC942}") = "form", "form\form.vcxproj", "{E0F0FDD4-1048-4092-93FD-31439446195C}"
EndProject
Project("{8BC9CEB8-8B4A-11D0-8D11-00A0C91BC942}") = "d4_1211", "d4_1211\d4_1211.vcxproj", "{63329831-3EC0-42D4-8374-A38D6D87FAE2}"
EndProject
Project("{8BC9CEB8-8B4A-11D0-8D11-00A0C91BC942}") = "d3_1213", "d3_1213\d3_1213.vcxproj", "{664C193C-A55D-48B4-B6C7-4EC48A4EDB8E}"
EndProject
Project("{8BC9CEB8-8B4A-11D0-8D11-00A0C91BC942}") = "d3_2817", "d3_2817\d3_2817.vcxproj", "{DA0E1CF8-685D-476E-A0F4-0EB3FB401968}"
EndProject
Project("{8BC9CEB8-8B4A-11D0-8D11-00A0C91BC942}") = "d3_1215", "d3_1215\d3_1215.vcxproj", "{C551BA09-9195-496B-9F91-41251A26ED3F}"
EndProject
Project("{8BC9CEB8-8B4A-11D0-8D11-00A0C91BC942}") = "d3_1216", "d3_1216\d3_1216.vcxproj", "{F1C747B5-ED74-42E6-ABC4-3C3D1FE53413}"
EndProject
Project("{8BC9CEB8-8B4A-11D0-8D11-00A0C91BC942}") = "d3_1217", "d3_1217\d3_1217.vcxproj", "{7CA07164-4A66-41A3-BE86-08E7F7D4AB77}"
EndProject
Project("{8BC9CEB8-8B4A-11D0-8D11-00A0C91BC942}") = "d4_1222", "d4_1222\d4_1222.vcxproj", "{67FD5CBA-9FDB-4CD2-9E97-08B6F5B2EBD3}"
EndProject
Project("{8BC9CEB8-8B4A-11D0-8D11-00A0C91BC942}") = "d3_1220", "d3_1220\d3_1220.vcxproj", "{7147EEDA-3601-4198-AA42-BA2C0BFEA36B}"
EndProject
Project("{8BC9CEB8-8B4A-11D0-8D11-00A0C91BC942}") = "d3_1221", "d3_1221\d3_1221.vcxproj", "{0BDDE648-6D0F-4352-B49D-C1F2EE876931}"
EndProject
Project("{8BC9CEB8-8B4A-11D0-8D11-00A0C91BC942}") = "d4_1223", "d4_1223\d4_1223.vcxproj", "{38F2CCCB-F81E-4513-9936-70A201E09A47}"
EndProject
Project("{8BC9CEB8-8B4A-11D0-8D11-00A0C91BC942}") = "d4_1224", "d4_1224\d4_1224.vcxproj", "{FCDA80E5-F186-481F-A309-3285EC27123B}"
EndProject
Project("{8BC9CEB8-8B4A-11D0-8D11-00A0C91BC942}") = "d3_1225", "d3_1225\d3_1225.vcxproj", "{8DD5BB2A-DC3D-4FF0-8B89-D041D5A8F850}"
EndProject
Project("{8BC9CEB8-8B4A-11D0-8D11-00A0C91BC942}") = "d3_1228", "d3_1228\d3_1228.vcxproj", "{4B19DD58-1935-4520-8F4C-773EEA8B1EBB}"
EndProject
Project("{8BC9CEB8-8B4A-11D0-8D11-00A0C91BC942}") = "d3_1229", "d3_1229\d3_1229.vcxproj", "{52BE169D-F689-4AC1-B61D-9B1A6E6FB1E6}"
EndProject
Project("{8BC9CEB8-8B4A-11D0-8D11-00A0C91BC942}") = "d3_1230", "d3_1230\d3_1230.vcxproj", "{874413C0-75CA-4BCA-8B93-A68265DD920F}"
EndProject
Project("{8BC9CEB8-8B4A-11D0-8D11-00A0C91BC942}") = "d3_1234", "d3_1234\d3_1234.vcxproj", "{F4F15449-5923-4E3B-A4D8-3339D60B744B}"
EndProject
Project("{8BC9CEB8-8B4A-11D0-8D11-00A0C91BC942}") = "d3_1240", "d3_1240\d3_1240.vcxproj", "{2EF11D9A-251D-4F53-962F-D863B0582B4F}"
EndProject
Project("{8BC9CEB8-8B4A-11D0-8D11-00A0C91BC942}") = "d4_1226", "d4_1226\d4_1226.vcxproj", "{5E74A62A-1C70-443B-AE58-E07EC427A29D}"
EndProject
Project("{8BC9CEB8-8B4A-11D0-8D11-00A0C91BC942}") = "d4_1227", "d4_1227\d4_1227.vcxproj", "{E63490B2-C576-48E9-935D-972B23906515}"
EndProject
Project("{8BC9CEB8-8B4A-11D0-8D11-00A0C91BC942}") = "d4_1231", "d4_1231\d4_1231.vcxproj", "{C5775FB6-FE36-4D6A-A487-7E59FE3F0893}"
EndProject
Project("{8BC9CEB8-8B4A-11D0-8D11-00A0C91BC942}") = "d3_1218", "d3_1218\d3_1218.vcxproj", "{C381355B-123A-4623-AED5-C0645ADCDC3B}"
EndProject
Project("{8BC9CEB8-8B4A-11D0-8D11-00A0C91BC942}") = "d3_1219", "d3_1219\d3_1219.vcxproj", "{45F15B96-77E5-4A22-B36B-AA2C49AD16DB}"
EndProject
Project("{8BC9CEB8-8B4A-11D0-8D11-00A0C91BC942}") = "d4_1232", "d4_1232\d4_1232.vcxproj", "{68BAE807-9E5D-4F0D-B740-350B90FF7DBB}"
EndProject
Project("{8BC9CEB8-8B4A-11D0-8D11-00A0C91BC942}") = "d4_1233", "d4_1233\d4_1233.vcxproj", "{E4EF7939-ED00-4DC2-AAC3-536D9482E459}"
EndProject
Project("{8BC9CEB8-8B4A-11D0-8D11-00A0C91BC942}") = "d4_1238", "d4_1238\d4_1238.vcxproj", "{0824925D-EB48-4596-850F-DFC5938E5A78}"
EndProject
Project("{8BC9CEB8-8B4A-11D0-8D11-00A0C91BC942}") = "d4_1249", "d4_1249\d4_1249.vcxproj", "{247EF58D-CBE2-44A8-B262-3A04AF0F0277}"
EndProject
Project("{8BC9CEB8-8B4A-11D0-8D11-00A0C91BC942}") = "d4_1251", "d4_1251\d4_1251.vcxproj", "{A6A1CC0A-C10A-4301-B0BB-B10981E526C8}"
EndProject
Project("{8BC9CEB8-8B4A-11D0-8D11-00A0C91BC942}") = "d4_1258", "d4_1258\d4_1258.vcxproj", "{B67415B3-6FB3-4ACB-A4DA-EEDA9C8CA7B7}"
EndProject
Project("{8BC9CEB8-8B4A-11D0-8D11-00A0C91BC942}") = "sw_1949", "sw_1949\sw_1949.vcxproj", "{6DB20863-1A0D-4876-92C2-62BB28DE0FD7}"
EndProject
Project("{8BC9CEB8-8B4A-11D0-8D11-00A0C91BC942}") = "sw_1952", "sw_1952\sw_1952.vcxproj", "{0CBF1640-7BC4-45F5-958D-951A3D5EE741}"
EndProject
Project("{8BC9CEB8-8B4A-11D0-8D11-00A0C91BC942}") = "sw_1953", "sw_1953\sw_1953.vcxproj", "{C739F94B-8D72-4051-B9E5-8EC5C48EB017}"
EndProject
Project("{8BC9CEB8-8B4A-11D0-8D11-00A0C91BC942}") = "sw_2105", "sw_2105\sw_2105.vcxproj", "{C5C98B20-BDA9-4E56-842C-EEA77BFD5F6C}"
EndProject
Project("{8BC9CEB8-8B4A-11D0-8D11-00A0C91BC942}") = "sw_2112", "sw_2112\sw_2112.vcxproj", "{CFCBDD8B-B3FE-4C78-AEFF-1BB42985060A}"
EndProject
Project("{8BC9CEB8-8B4A-11D0-8D11-00A0C91BC942}") = "d2_1954", "d2_1954\snail.vcxproj", "{2EE823AD-2B78-4255-99C5-F68185D72407}"
EndProject
Project("{8BC9CEB8-8B4A-11D0-8D11-00A0C91BC942}") = "sw_2115", "sw_2115\sw_2115.vcxproj", "{B96E37D9-1E80-4F38-B9FA-7DBFFFB97D7F}"
EndProject
Project("{8BC9CEB8-8B4A-11D0-8D11-00A0C91BC942}") = "sw_2117", "sw_2117\sw_2117.vcxproj", "{1C339024-A21B-45A3-87E7-23F4EE7DCD88}"
EndProject
Project("{8BC9CEB8-8B4A-11D0-8D11-00A0C91BC942}") = "sw_2382", "sw_2382\sw_2382.vcxproj", "{9AA33C95-3065-4A8A-87A9-B271A1F7F67D}"
EndProject
Project("{8BC9CEB8-8B4A-11D0-8D11-00A0C91BC942}") = "sw_2383", "sw_2383\sw_2383.vcxproj", "{44D81BFF-2BFE-47C7-96A1-C65FA616B288}"
EndProject
Project("{8BC9CEB8-8B4A-11D0-8D11-00A0C91BC942}") = "sw_2477", "sw_2477\sw_2477.vcxproj", "{0CF5FC21-B234-454A-B242-4D7C8219047E}"
EndProject
Project("{8BC9CEB8-8B4A-11D0-8D11-00A0C91BC942}") = "sw_4008", "sw_4008\sw_4008.vcxproj", "{C87E7135-0F70-42E2-918F-76D5C94D6D17}"
EndProject
Project("{8BC9CEB8-8B4A-11D0-8D11-00A0C91BC942}") = "sw_4012", "sw_4012\sw_4012.vcxproj", "{23AB9C84-40AB-4E52-86D0-E1C6E5995108}"
EndProject
Project("{8BC9CEB8-8B4A-11D0-8D11-00A0C91BC942}") = "sw_4013", "sw_4013\sw_4013.vcxproj", "{69854145-58EB-4596-B3F0-37848B097F49}"
EndProject
Project("{8BC9CEB8-8B4A-11D0-8D11-00A0C91BC942}") = "sw_4014", "sw_4014\sw_4014.vcxproj", "{76D87143-25FE-4C44-947D-EE553C874B23}"
EndProject
Project("{8BC9CEB8-8B4A-11D0-8D11-00A0C91BC942}") = "d4_5213", "d4_5213\d4_5213.vcxproj", "{BDA178A0-919D-481C-989B-DA27499E081C}"
EndProject
Global
	GlobalSection(SolutionConfigurationPlatforms) = preSolution
		Debug|x64 = Debug|x64
		Debug|x86 = Debug|x86
		Release|x64 = Release|x64
		Release|x86 = Release|x86
	EndGlobalSection
	GlobalSection(ProjectConfigurationPlatforms) = postSolution
		{6C957F35-C84C-442E-A4C9-5598491EFC4E}.Debug|x64.ActiveCfg = Debug|x64
		{6C957F35-C84C-442E-A4C9-5598491EFC4E}.Debug|x64.Build.0 = Debug|x64
		{6C957F35-C84C-442E-A4C9-5598491EFC4E}.Debug|x86.ActiveCfg = Debug|Win32
		{6C957F35-C84C-442E-A4C9-5598491EFC4E}.Debug|x86.Build.0 = Debug|Win32
		{6C957F35-C84C-442E-A4C9-5598491EFC4E}.Release|x64.ActiveCfg = Release|x64
		{6C957F35-C84C-442E-A4C9-5598491EFC4E}.Release|x64.Build.0 = Release|x64
		{6C957F35-C84C-442E-A4C9-5598491EFC4E}.Release|x86.ActiveCfg = Release|Win32
		{6C957F35-C84C-442E-A4C9-5598491EFC4E}.Release|x86.Build.0 = Release|Win32
		{DD179347-E0E1-4EC5-AEEF-3F4DA26F8F67}.Debug|x64.ActiveCfg = Debug|x64
		{DD179347-E0E1-4EC5-AEEF-3F4DA26F8F67}.Debug|x64.Build.0 = Debug|x64
		{DD179347-E0E1-4EC5-AEEF-3F4DA26F8F67}.Debug|x86.ActiveCfg = Debug|Win32
		{DD179347-E0E1-4EC5-AEEF-3F4DA26F8F67}.Debug|x86.Build.0 = Debug|Win32
		{DD179347-E0E1-4EC5-AEEF-3F4DA26F8F67}.Release|x64.ActiveCfg = Release|x64
		{DD179347-E0E1-4EC5-AEEF-3F4DA26F8F67}.Release|x64.Build.0 = Release|x64
		{DD179347-E0E1-4EC5-AEEF-3F4DA26F8F67}.Release|x86.ActiveCfg = Release|Win32
		{DD179347-E0E1-4EC5-AEEF-3F4DA26F8F67}.Release|x86.Build.0 = Release|Win32
		{0C2B3268-2E6C-4D97-8605-0C57565C5E0D}.Debug|x64.ActiveCfg = Debug|x64
		{0C2B3268-2E6C-4D97-8605-0C57565C5E0D}.Debug|x64.Build.0 = Debug|x64
		{0C2B3268-2E6C-4D97-8605-0C57565C5E0D}.Debug|x86.ActiveCfg = Debug|Win32
		{0C2B3268-2E6C-4D97-8605-0C57565C5E0D}.Debug|x86.Build.0 = Debug|Win32
		{0C2B3268-2E6C-4D97-8605-0C57565C5E0D}.Release|x64.ActiveCfg = Release|x64
		{0C2B3268-2E6C-4D97-8605-0C57565C5E0D}.Release|x64.Build.0 = Release|x64
		{0C2B3268-2E6C-4D97-8605-0C57565C5E0D}.Release|x86.ActiveCfg = Release|Win32
		{0C2B3268-2E6C-4D97-8605-0C57565C5E0D}.Release|x86.Build.0 = Release|Win32
		{E8715214-E645-449D-984E-117E9553C53D}.Debug|x64.ActiveCfg = Debug|x64
		{E8715214-E645-449D-984E-117E9553C53D}.Debug|x64.Build.0 = Debug|x64
		{E8715214-E645-449D-984E-117E9553C53D}.Debug|x86.ActiveCfg = Debug|Win32
		{E8715214-E645-449D-984E-117E9553C53D}.Debug|x86.Build.0 = Debug|Win32
		{E8715214-E645-449D-984E-117E9553C53D}.Release|x64.ActiveCfg = Release|x64
		{E8715214-E645-449D-984E-117E9553C53D}.Release|x64.Build.0 = Release|x64
		{E8715214-E645-449D-984E-117E9553C53D}.Release|x86.ActiveCfg = Release|Win32
		{E8715214-E645-449D-984E-117E9553C53D}.Release|x86.Build.0 = Release|Win32
		{CF638BBB-6474-445D-B9D7-83C2FE6DA1FD}.Debug|x64.ActiveCfg = Debug|x64
		{CF638BBB-6474-445D-B9D7-83C2FE6DA1FD}.Debug|x64.Build.0 = Debug|x64
		{CF638BBB-6474-445D-B9D7-83C2FE6DA1FD}.Debug|x86.ActiveCfg = Debug|Win32
		{CF638BBB-6474-445D-B9D7-83C2FE6DA1FD}.Debug|x86.Build.0 = Debug|Win32
		{CF638BBB-6474-445D-B9D7-83C2FE6DA1FD}.Release|x64.ActiveCfg = Release|x64
		{CF638BBB-6474-445D-B9D7-83C2FE6DA1FD}.Release|x64.Build.0 = Release|x64
		{CF638BBB-6474-445D-B9D7-83C2FE6DA1FD}.Release|x86.ActiveCfg = Release|Win32
		{CF638BBB-6474-445D-B9D7-83C2FE6DA1FD}.Release|x86.Build.0 = Release|Win32
		{E0F0FDD4-1048-4092-93FD-31439446195C}.Debug|x64.ActiveCfg = Debug|x64
		{E0F0FDD4-1048-4092-93FD-31439446195C}.Debug|x64.Build.0 = Debug|x64
		{E0F0FDD4-1048-4092-93FD-31439446195C}.Debug|x86.ActiveCfg = Debug|Win32
		{E0F0FDD4-1048-4092-93FD-31439446195C}.Debug|x86.Build.0 = Debug|Win32
		{E0F0FDD4-1048-4092-93FD-31439446195C}.Release|x64.ActiveCfg = Release|x64
		{E0F0FDD4-1048-4092-93FD-31439446195C}.Release|x64.Build.0 = Release|x64
		{E0F0FDD4-1048-4092-93FD-31439446195C}.Release|x86.ActiveCfg = Release|Win32
		{E0F0FDD4-1048-4092-93FD-31439446195C}.Release|x86.Build.0 = Release|Win32
		{63329831-3EC0-42D4-8374-A38D6D87FAE2}.Debug|x64.ActiveCfg = Debug|x64
		{63329831-3EC0-42D4-8374-A38D6D87FAE2}.Debug|x64.Build.0 = Debug|x64
		{63329831-3EC0-42D4-8374-A38D6D87FAE2}.Debug|x86.ActiveCfg = Debug|Win32
		{63329831-3EC0-42D4-8374-A38D6D87FAE2}.Debug|x86.Build.0 = Debug|Win32
		{63329831-3EC0-42D4-8374-A38D6D87FAE2}.Release|x64.ActiveCfg = Release|x64
		{63329831-3EC0-42D4-8374-A38D6D87FAE2}.Release|x64.Build.0 = Release|x64
		{63329831-3EC0-42D4-8374-A38D6D87FAE2}.Release|x86.ActiveCfg = Release|Win32
		{63329831-3EC0-42D4-8374-A38D6D87FAE2}.Release|x86.Build.0 = Release|Win32
		{664C193C-A55D-48B4-B6C7-4EC48A4EDB8E}.Debug|x64.ActiveCfg = Debug|x64
		{664C193C-A55D-48B4-B6C7-4EC48A4EDB8E}.Debug|x64.Build.0 = Debug|x64
		{664C193C-A55D-48B4-B6C7-4EC48A4EDB8E}.Debug|x86.ActiveCfg = Debug|Win32
		{664C193C-A55D-48B4-B6C7-4EC48A4EDB8E}.Debug|x86.Build.0 = Debug|Win32
		{664C193C-A55D-48B4-B6C7-4EC48A4EDB8E}.Release|x64.ActiveCfg = Release|x64
		{664C193C-A55D-48B4-B6C7-4EC48A4EDB8E}.Release|x64.Build.0 = Release|x64
		{664C193C-A55D-48B4-B6C7-4EC48A4EDB8E}.Release|x86.ActiveCfg = Release|Win32
		{664C193C-A55D-48B4-B6C7-4EC48A4EDB8E}.Release|x86.Build.0 = Release|Win32
		{DA0E1CF8-685D-476E-A0F4-0EB3FB401968}.Debug|x64.ActiveCfg = Debug|x64
		{DA0E1CF8-685D-476E-A0F4-0EB3FB401968}.Debug|x64.Build.0 = Debug|x64
		{DA0E1CF8-685D-476E-A0F4-0EB3FB401968}.Debug|x86.ActiveCfg = Debug|Win32
		{DA0E1CF8-685D-476E-A0F4-0EB3FB401968}.Debug|x86.Build.0 = Debug|Win32
		{DA0E1CF8-685D-476E-A0F4-0EB3FB401968}.Release|x64.ActiveCfg = Release|x64
		{DA0E1CF8-685D-476E-A0F4-0EB3FB401968}.Release|x64.Build.0 = Release|x64
		{DA0E1CF8-685D-476E-A0F4-0EB3FB401968}.Release|x86.ActiveCfg = Release|Win32
		{DA0E1CF8-685D-476E-A0F4-0EB3FB401968}.Release|x86.Build.0 = Release|Win32
		{C551BA09-9195-496B-9F91-41251A26ED3F}.Debug|x64.ActiveCfg = Debug|x64
		{C551BA09-9195-496B-9F91-41251A26ED3F}.Debug|x64.Build.0 = Debug|x64
		{C551BA09-9195-496B-9F91-41251A26ED3F}.Debug|x86.ActiveCfg = Debug|Win32
		{C551BA09-9195-496B-9F91-41251A26ED3F}.Debug|x86.Build.0 = Debug|Win32
		{C551BA09-9195-496B-9F91-41251A26ED3F}.Release|x64.ActiveCfg = Release|x64
		{C551BA09-9195-496B-9F91-41251A26ED3F}.Release|x64.Build.0 = Release|x64
		{C551BA09-9195-496B-9F91-41251A26ED3F}.Release|x86.ActiveCfg = Release|Win32
		{C551BA09-9195-496B-9F91-41251A26ED3F}.Release|x86.Build.0 = Release|Win32
		{F1C747B5-ED74-42E6-ABC4-3C3D1FE53413}.Debug|x64.ActiveCfg = Debug|x64
		{F1C747B5-ED74-42E6-ABC4-3C3D1FE53413}.Debug|x64.Build.0 = Debug|x64
		{F1C747B5-ED74-42E6-ABC4-3C3D1FE53413}.Debug|x86.ActiveCfg = Debug|Win32
		{F1C747B5-ED74-42E6-ABC4-3C3D1FE53413}.Debug|x86.Build.0 = Debug|Win32
		{F1C747B5-ED74-42E6-ABC4-3C3D1FE53413}.Release|x64.ActiveCfg = Release|x64
		{F1C747B5-ED74-42E6-ABC4-3C3D1FE53413}.Release|x64.Build.0 = Release|x64
		{F1C747B5-ED74-42E6-ABC4-3C3D1FE53413}.Release|x86.ActiveCfg = Release|Win32
		{F1C747B5-ED74-42E6-ABC4-3C3D1FE53413}.Release|x86.Build.0 = Release|Win32
		{7CA07164-4A66-41A3-BE86-08E7F7D4AB77}.Debug|x64.ActiveCfg = Debug|x64
		{7CA07164-4A66-41A3-BE86-08E7F7D4AB77}.Debug|x64.Build.0 = Debug|x64
		{7CA07164-4A66-41A3-BE86-08E7F7D4AB77}.Debug|x86.ActiveCfg = Debug|Win32
		{7CA07164-4A66-41A3-BE86-08E7F7D4AB77}.Debug|x86.Build.0 = Debug|Win32
		{7CA07164-4A66-41A3-BE86-08E7F7D4AB77}.Release|x64.ActiveCfg = Release|x64
		{7CA07164-4A66-41A3-BE86-08E7F7D4AB77}.Release|x64.Build.0 = Release|x64
		{7CA07164-4A66-41A3-BE86-08E7F7D4AB77}.Release|x86.ActiveCfg = Release|Win32
		{7CA07164-4A66-41A3-BE86-08E7F7D4AB77}.Release|x86.Build.0 = Release|Win32
		{67FD5CBA-9FDB-4CD2-9E97-08B6F5B2EBD3}.Debug|x64.ActiveCfg = Debug|x64
		{67FD5CBA-9FDB-4CD2-9E97-08B6F5B2EBD3}.Debug|x64.Build.0 = Debug|x64
		{67FD5CBA-9FDB-4CD2-9E97-08B6F5B2EBD3}.Debug|x86.ActiveCfg = Debug|Win32
		{67FD5CBA-9FDB-4CD2-9E97-08B6F5B2EBD3}.Debug|x86.Build.0 = Debug|Win32
		{67FD5CBA-9FDB-4CD2-9E97-08B6F5B2EBD3}.Release|x64.ActiveCfg = Release|x64
		{67FD5CBA-9FDB-4CD2-9E97-08B6F5B2EBD3}.Release|x64.Build.0 = Release|x64
		{67FD5CBA-9FDB-4CD2-9E97-08B6F5B2EBD3}.Release|x86.ActiveCfg = Release|Win32
		{67FD5CBA-9FDB-4CD2-9E97-08B6F5B2EBD3}.Release|x86.Build.0 = Release|Win32
		{7147EEDA-3601-4198-AA42-BA2C0BFEA36B}.Debug|x64.ActiveCfg = Debug|x64
		{7147EEDA-3601-4198-AA42-BA2C0BFEA36B}.Debug|x64.Build.0 = Debug|x64
		{7147EEDA-3601-4198-AA42-BA2C0BFEA36B}.Debug|x86.ActiveCfg = Debug|Win32
		{7147EEDA-3601-4198-AA42-BA2C0BFEA36B}.Debug|x86.Build.0 = Debug|Win32
		{7147EEDA-3601-4198-AA42-BA2C0BFEA36B}.Release|x64.ActiveCfg = Release|x64
		{7147EEDA-3601-4198-AA42-BA2C0BFEA36B}.Release|x64.Build.0 = Release|x64
		{7147EEDA-3601-4198-AA42-BA2C0BFEA36B}.Release|x86.ActiveCfg = Release|Win32
		{7147EEDA-3601-4198-AA42-BA2C0BFEA36B}.Release|x86.Build.0 = Release|Win32
		{0BDDE648-6D0F-4352-B49D-C1F2EE876931}.Debug|x64.ActiveCfg = Debug|x64
		{0BDDE648-6D0F-4352-B49D-C1F2EE876931}.Debug|x64.Build.0 = Debug|x64
		{0BDDE648-6D0F-4352-B49D-C1F2EE876931}.Debug|x86.ActiveCfg = Debug|Win32
		{0BDDE648-6D0F-4352-B49D-C1F2EE876931}.Debug|x86.Build.0 = Debug|Win32
		{0BDDE648-6D0F-4352-B49D-C1F2EE876931}.Release|x64.ActiveCfg = Release|x64
		{0BDDE648-6D0F-4352-B49D-C1F2EE876931}.Release|x64.Build.0 = Release|x64
		{0BDDE648-6D0F-4352-B49D-C1F2EE876931}.Release|x86.ActiveCfg = Release|Win32
		{0BDDE648-6D0F-4352-B49D-C1F2EE876931}.Release|x86.Build.0 = Release|Win32
		{38F2CCCB-F81E-4513-9936-70A201E09A47}.Debug|x64.ActiveCfg = Debug|x64
		{38F2CCCB-F81E-4513-9936-70A201E09A47}.Debug|x64.Build.0 = Debug|x64
		{38F2CCCB-F81E-4513-9936-70A201E09A47}.Debug|x86.ActiveCfg = Debug|Win32
		{38F2CCCB-F81E-4513-9936-70A201E09A47}.Debug|x86.Build.0 = Debug|Win32
		{38F2CCCB-F81E-4513-9936-70A201E09A47}.Release|x64.ActiveCfg = Release|x64
		{38F2CCCB-F81E-4513-9936-70A201E09A47}.Release|x64.Build.0 = Release|x64
		{38F2CCCB-F81E-4513-9936-70A201E09A47}.Release|x86.ActiveCfg = Release|Win32
		{38F2CCCB-F81E-4513-9936-70A201E09A47}.Release|x86.Build.0 = Release|Win32
		{FCDA80E5-F186-481F-A309-3285EC27123B}.Debug|x64.ActiveCfg = Debug|x64
		{FCDA80E5-F186-481F-A309-3285EC27123B}.Debug|x64.Build.0 = Debug|x64
		{FCDA80E5-F186-481F-A309-3285EC27123B}.Debug|x86.ActiveCfg = Debug|Win32
		{FCDA80E5-F186-481F-A309-3285EC27123B}.Debug|x86.Build.0 = Debug|Win32
		{FCDA80E5-F186-481F-A309-3285EC27123B}.Release|x64.ActiveCfg = Release|x64
		{FCDA80E5-F186-481F-A309-3285EC27123B}.Release|x64.Build.0 = Release|x64
		{FCDA80E5-F186-481F-A309-3285EC27123B}.Release|x86.ActiveCfg = Release|Win32
		{FCDA80E5-F186-481F-A309-3285EC27123B}.Release|x86.Build.0 = Release|Win32
		{8DD5BB2A-DC3D-4FF0-8B89-D041D5A8F850}.Debug|x64.ActiveCfg = Debug|x64
		{8DD5BB2A-DC3D-4FF0-8B89-D041D5A8F850}.Debug|x64.Build.0 = Debug|x64
		{8DD5BB2A-DC3D-4FF0-8B89-D041D5A8F850}.Debug|x86.ActiveCfg = Debug|Win32
		{8DD5BB2A-DC3D-4FF0-8B89-D041D5A8F850}.Debug|x86.Build.0 = Debug|Win32
		{8DD5BB2A-DC3D-4FF0-8B89-D041D5A8F850}.Release|x64.ActiveCfg = Release|x64
		{8DD5BB2A-DC3D-4FF0-8B89-D041D5A8F850}.Release|x64.Build.0 = Release|x64
		{8DD5BB2A-DC3D-4FF0-8B89-D041D5A8F850}.Release|x86.ActiveCfg = Release|Win32
		{8DD5BB2A-DC3D-4FF0-8B89-D041D5A8F850}.Release|x86.Build.0 = Release|Win32
		{4B19DD58-1935-4520-8F4C-773EEA8B1EBB}.Debug|x64.ActiveCfg = Debug|x64
		{4B19DD58-1935-4520-8F4C-773EEA8B1EBB}.Debug|x64.Build.0 = Debug|x64
		{4B19DD58-1935-4520-8F4C-773EEA8B1EBB}.Debug|x86.ActiveCfg = Debug|Win32
		{4B19DD58-1935-4520-8F4C-773EEA8B1EBB}.Debug|x86.Build.0 = Debug|Win32
		{4B19DD58-1935-4520-8F4C-773EEA8B1EBB}.Release|x64.ActiveCfg = Release|x64
		{4B19DD58-1935-4520-8F4C-773EEA8B1EBB}.Release|x64.Build.0 = Release|x64
		{4B19DD58-1935-4520-8F4C-773EEA8B1EBB}.Release|x86.ActiveCfg = Release|Win32
		{4B19DD58-1935-4520-8F4C-773EEA8B1EBB}.Release|x86.Build.0 = Release|Win32
		{52BE169D-F689-4AC1-B61D-9B1A6E6FB1E6}.Debug|x64.ActiveCfg = Debug|x64
		{52BE169D-F689-4AC1-B61D-9B1A6E6FB1E6}.Debug|x64.Build.0 = Debug|x64
		{52BE169D-F689-4AC1-B61D-9B1A6E6FB1E6}.Debug|x86.ActiveCfg = Debug|Win32
		{52BE169D-F689-4AC1-B61D-9B1A6E6FB1E6}.Debug|x86.Build.0 = Debug|Win32
		{52BE169D-F689-4AC1-B61D-9B1A6E6FB1E6}.Release|x64.ActiveCfg = Release|x64
		{52BE169D-F689-4AC1-B61D-9B1A6E6FB1E6}.Release|x64.Build.0 = Release|x64
		{52BE169D-F689-4AC1-B61D-9B1A6E6FB1E6}.Release|x86.ActiveCfg = Release|Win32
		{52BE169D-F689-4AC1-B61D-9B1A6E6FB1E6}.Release|x86.Build.0 = Release|Win32
		{874413C0-75CA-4BCA-8B93-A68265DD920F}.Debug|x64.ActiveCfg = Debug|x64
		{874413C0-75CA-4BCA-8B93-A68265DD920F}.Debug|x64.Build.0 = Debug|x64
		{874413C0-75CA-4BCA-8B93-A68265DD920F}.Debug|x86.ActiveCfg = Debug|Win32
		{874413C0-75CA-4BCA-8B93-A68265DD920F}.Debug|x86.Build.0 = Debug|Win32
		{874413C0-75CA-4BCA-8B93-A68265DD920F}.Release|x64.ActiveCfg = Release|x64
		{874413C0-75CA-4BCA-8B93-A68265DD920F}.Release|x64.Build.0 = Release|x64
		{874413C0-75CA-4BCA-8B93-A68265DD920F}.Release|x86.ActiveCfg = Release|Win32
		{874413C0-75CA-4BCA-8B93-A68265DD920F}.Release|x86.Build.0 = Release|Win32
		{F4F15449-5923-4E3B-A4D8-3339D60B744B}.Debug|x64.ActiveCfg = Debug|x64
		{F4F15449-5923-4E3B-A4D8-3339D60B744B}.Debug|x64.Build.0 = Debug|x64
		{F4F15449-5923-4E3B-A4D8-3339D60B744B}.Debug|x86.ActiveCfg = Debug|Win32
		{F4F15449-5923-4E3B-A4D8-3339D60B744B}.Debug|x86.Build.0 = Debug|Win32
		{F4F15449-5923-4E3B-A4D8-3339D60B744B}.Release|x64.ActiveCfg = Release|x64
		{F4F15449-5923-4E3B-A4D8-3339D60B744B}.Release|x64.Build.0 = Release|x64
		{F4F15449-5923-4E3B-A4D8-3339D60B744B}.Release|x86.ActiveCfg = Release|Win32
		{F4F15449-5923-4E3B-A4D8-3339D60B744B}.Release|x86.Build.0 = Release|Win32
		{2EF11D9A-251D-4F53-962F-D863B0582B4F}.Debug|x64.ActiveCfg = Debug|x64
		{2EF11D9A-251D-4F53-962F-D863B0582B4F}.Debug|x64.Build.0 = Debug|x64
		{2EF11D9A-251D-4F53-962F-D863B0582B4F}.Debug|x86.ActiveCfg = Debug|Win32
		{2EF11D9A-251D-4F53-962F-D863B0582B4F}.Debug|x86.Build.0 = Debug|Win32
		{2EF11D9A-251D-4F53-962F-D863B0582B4F}.Release|x64.ActiveCfg = Release|x64
		{2EF11D9A-251D-4F53-962F-D863B0582B4F}.Release|x64.Build.0 = Release|x64
		{2EF11D9A-251D-4F53-962F-D863B0582B4F}.Release|x86.ActiveCfg = Release|Win32
		{2EF11D9A-251D-4F53-962F-D863B0582B4F}.Release|x86.Build.0 = Release|Win32
		{5E74A62A-1C70-443B-AE58-E07EC427A29D}.Debug|x64.ActiveCfg = Debug|x64
		{5E74A62A-1C70-443B-AE58-E07EC427A29D}.Debug|x64.Build.0 = Debug|x64
		{5E74A62A-1C70-443B-AE58-E07EC427A29D}.Debug|x86.ActiveCfg = Debug|Win32
		{5E74A62A-1C70-443B-AE58-E07EC427A29D}.Debug|x86.Build.0 = Debug|Win32
		{5E74A62A-1C70-443B-AE58-E07EC427A29D}.Release|x64.ActiveCfg = Release|x64
		{5E74A62A-1C70-443B-AE58-E07EC427A29D}.Release|x64.Build.0 = Release|x64
		{5E74A62A-1C70-443B-AE58-E07EC427A29D}.Release|x86.ActiveCfg = Release|Win32
		{5E74A62A-1C70-443B-AE58-E07EC427A29D}.Release|x86.Build.0 = Release|Win32
		{E63490B2-C576-48E9-935D-972B23906515}.Debug|x64.ActiveCfg = Debug|x64
		{E63490B2-C576-48E9-935D-972B23906515}.Debug|x64.Build.0 = Debug|x64
		{E63490B2-C576-48E9-935D-972B23906515}.Debug|x86.ActiveCfg = Debug|Win32
		{E63490B2-C576-48E9-935D-972B23906515}.Debug|x86.Build.0 = Debug|Win32
		{E63490B2-C576-48E9-935D-972B23906515}.Release|x64.ActiveCfg = Release|x64
		{E63490B2-C576-48E9-935D-972B23906515}.Release|x64.Build.0 = Release|x64
		{E63490B2-C576-48E9-935D-972B23906515}.Release|x86.ActiveCfg = Release|Win32
		{E63490B2-C576-48E9-935D-972B23906515}.Release|x86.Build.0 = Release|Win32
		{C5775FB6-FE36-4D6A-A487-7E59FE3F0893}.Debug|x64.ActiveCfg = Debug|x64
		{C5775FB6-FE36-4D6A-A487-7E59FE3F0893}.Debug|x64.Build.0 = Debug|x64
		{C5775FB6-FE36-4D6A-A487-7E59FE3F0893}.Debug|x86.ActiveCfg = Debug|Win32
		{C5775FB6-FE36-4D6A-A487-7E59FE3F0893}.Debug|x86.Build.0 = Debug|Win32
		{C5775FB6-FE36-4D6A-A487-7E59FE3F0893}.Release|x64.ActiveCfg = Release|x64
		{C5775FB6-FE36-4D6A-A487-7E59FE3F0893}.Release|x64.Build.0 = Release|x64
		{C5775FB6-FE36-4D6A-A487-7E59FE3F0893}.Release|x86.ActiveCfg = Release|Win32
		{C5775FB6-FE36-4D6A-A487-7E59FE3F0893}.Release|x86.Build.0 = Release|Win32
		{C381355B-123A-4623-AED5-C0645ADCDC3B}.Debug|x64.ActiveCfg = Debug|x64
		{C381355B-123A-4623-AED5-C0645ADCDC3B}.Debug|x64.Build.0 = Debug|x64
		{C381355B-123A-4623-AED5-C0645ADCDC3B}.Debug|x86.ActiveCfg = Debug|Win32
		{C381355B-123A-4623-AED5-C0645ADCDC3B}.Debug|x86.Build.0 = Debug|Win32
		{C381355B-123A-4623-AED5-C0645ADCDC3B}.Release|x64.ActiveCfg = Release|x64
		{C381355B-123A-4623-AED5-C0645ADCDC3B}.Release|x64.Build.0 = Release|x64
		{C381355B-123A-4623-AED5-C0645ADCDC3B}.Release|x86.ActiveCfg = Release|Win32
		{C381355B-123A-4623-AED5-C0645ADCDC3B}.Release|x86.Build.0 = Release|Win32
		{45F15B96-77E5-4A22-B36B-AA2C49AD16DB}.Debug|x64.ActiveCfg = Debug|x64
		{45F15B96-77E5-4A22-B36B-AA2C49AD16DB}.Debug|x64.Build.0 = Debug|x64
		{45F15B96-77E5-4A22-B36B-AA2C49AD16DB}.Debug|x86.ActiveCfg = Debug|Win32
		{45F15B96-77E5-4A22-B36B-AA2C49AD16DB}.Debug|x86.Build.0 = Debug|Win32
		{45F15B96-77E5-4A22-B36B-AA2C49AD16DB}.Release|x64.ActiveCfg = Release|x64
		{45F15B96-77E5-4A22-B36B-AA2C49AD16DB}.Release|x64.Build.0 = Release|x64
		{45F15B96-77E5-4A22-B36B-AA2C49AD16DB}.Release|x86.ActiveCfg = Release|Win32
		{45F15B96-77E5-4A22-B36B-AA2C49AD16DB}.Release|x86.Build.0 = Release|Win32
		{68BAE807-9E5D-4F0D-B740-350B90FF7DBB}.Debug|x64.ActiveCfg = Debug|x64
		{68BAE807-9E5D-4F0D-B740-350B90FF7DBB}.Debug|x64.Build.0 = Debug|x64
		{68BAE807-9E5D-4F0D-B740-350B90FF7DBB}.Debug|x86.ActiveCfg = Debug|Win32
		{68BAE807-9E5D-4F0D-B740-350B90FF7DBB}.Debug|x86.Build.0 = Debug|Win32
		{68BAE807-9E5D-4F0D-B740-350B90FF7DBB}.Release|x64.ActiveCfg = Release|x64
		{68BAE807-9E5D-4F0D-B740-350B90FF7DBB}.Release|x64.Build.0 = Release|x64
		{68BAE807-9E5D-4F0D-B740-350B90FF7DBB}.Release|x86.ActiveCfg = Release|Win32
		{68BAE807-9E5D-4F0D-B740-350B90FF7DBB}.Release|x86.Build.0 = Release|Win32
		{E4EF7939-ED00-4DC2-AAC3-536D9482E459}.Debug|x64.ActiveCfg = Debug|x64
		{E4EF7939-ED00-4DC2-AAC3-536D9482E459}.Debug|x64.Build.0 = Debug|x64
		{E4EF7939-ED00-4DC2-AAC3-536D9482E459}.Debug|x86.ActiveCfg = Debug|Win32
		{E4EF7939-ED00-4DC2-AAC3-536D9482E459}.Debug|x86.Build.0 = Debug|Win32
		{E4EF7939-ED00-4DC2-AAC3-536D9482E459}.Release|x64.ActiveCfg = Release|x64
		{E4EF7939-ED00-4DC2-AAC3-536D9482E459}.Release|x64.Build.0 = Release|x64
		{E4EF7939-ED00-4DC2-AAC3-536D9482E459}.Release|x86.ActiveCfg = Release|Win32
		{E4EF7939-ED00-4DC2-AAC3-536D9482E459}.Release|x86.Build.0 = Release|Win32
		{0824925D-EB48-4596-850F-DFC5938E5A78}.Debug|x64.ActiveCfg = Debug|x64
		{0824925D-EB48-4596-850F-DFC5938E5A78}.Debug|x64.Build.0 = Debug|x64
		{0824925D-EB48-4596-850F-DFC5938E5A78}.Debug|x86.ActiveCfg = Debug|Win32
		{0824925D-EB48-4596-850F-DFC5938E5A78}.Debug|x86.Build.0 = Debug|Win32
		{0824925D-EB48-4596-850F-DFC5938E5A78}.Release|x64.ActiveCfg = Release|x64
		{0824925D-EB48-4596-850F-DFC5938E5A78}.Release|x64.Build.0 = Release|x64
		{0824925D-EB48-4596-850F-DFC5938E5A78}.Release|x86.ActiveCfg = Release|Win32
		{0824925D-EB48-4596-850F-DFC5938E5A78}.Release|x86.Build.0 = Release|Win32
		{247EF58D-CBE2-44A8-B262-3A04AF0F0277}.Debug|x64.ActiveCfg = Debug|x64
		{247EF58D-CBE2-44A8-B262-3A04AF0F0277}.Debug|x64.Build.0 = Debug|x64
		{247EF58D-CBE2-44A8-B262-3A04AF0F0277}.Debug|x86.ActiveCfg = Debug|Win32
		{247EF58D-CBE2-44A8-B262-3A04AF0F0277}.Debug|x86.Build.0 = Debug|Win32
		{247EF58D-CBE2-44A8-B262-3A04AF0F0277}.Release|x64.ActiveCfg = Release|x64
		{247EF58D-CBE2-44A8-B262-3A04AF0F0277}.Release|x64.Build.0 = Release|x64
		{247EF58D-CBE2-44A8-B262-3A04AF0F0277}.Release|x86.ActiveCfg = Release|Win32
		{247EF58D-CBE2-44A8-B262-3A04AF0F0277}.Release|x86.Build.0 = Release|Win32
		{A6A1CC0A-C10A-4301-B0BB-B10981E526C8}.Debug|x64.ActiveCfg = Debug|x64
		{A6A1CC0A-C10A-4301-B0BB-B10981E526C8}.Debug|x64.Build.0 = Debug|x64
		{A6A1CC0A-C10A-4301-B0BB-B10981E526C8}.Debug|x86.ActiveCfg = Debug|Win32
		{A6A1CC0A-C10A-4301-B0BB-B10981E526C8}.Debug|x86.Build.0 = Debug|Win32
		{A6A1CC0A-C10A-4301-B0BB-B10981E526C8}.Release|x64.ActiveCfg = Release|x64
		{A6A1CC0A-C10A-4301-B0BB-B10981E526C8}.Release|x64.Build.0 = Release|x64
		{A6A1CC0A-C10A-4301-B0BB-B10981E526C8}.Release|x86.ActiveCfg = Release|Win32
		{A6A1CC0A-C10A-4301-B0BB-B10981E526C8}.Release|x86.Build.0 = Release|Win32
		{B67415B3-6FB3-4ACB-A4DA-EEDA9C8CA7B7}.Debug|x64.ActiveCfg = Debug|x64
		{B67415B3-6FB3-4ACB-A4DA-EEDA9C8CA7B7}.Debug|x64.Build.0 = Debug|x64
		{B67415B3-6FB3-4ACB-A4DA-EEDA9C8CA7B7}.Debug|x86.ActiveCfg = Debug|Win32
		{B67415B3-6FB3-4ACB-A4DA-EEDA9C8CA7B7}.Debug|x86.Build.0 = Debug|Win32
		{B67415B3-6FB3-4ACB-A4DA-EEDA9C8CA7B7}.Release|x64.ActiveCfg = Release|x64
		{B67415B3-6FB3-4ACB-A4DA-EEDA9C8CA7B7}.Release|x64.Build.0 = Release|x64
		{B67415B3-6FB3-4ACB-A4DA-EEDA9C8CA7B7}.Release|x86.ActiveCfg = Release|Win32
		{B67415B3-6FB3-4ACB-A4DA-EEDA9C8CA7B7}.Release|x86.Build.0 = Release|Win32
		{6DB20863-1A0D-4876-92C2-62BB28DE0FD7}.Debug|x64.ActiveCfg = Debug|x64
		{6DB20863-1A0D-4876-92C2-62BB28DE0FD7}.Debug|x64.Build.0 = Debug|x64
		{6DB20863-1A0D-4876-92C2-62BB28DE0FD7}.Debug|x86.ActiveCfg = Debug|Win32
		{6DB20863-1A0D-4876-92C2-62BB28DE0FD7}.Debug|x86.Build.0 = Debug|Win32
		{6DB20863-1A0D-4876-92C2-62BB28DE0FD7}.Release|x64.ActiveCfg = Release|x64
		{6DB20863-1A0D-4876-92C2-62BB28DE0FD7}.Release|x64.Build.0 = Release|x64
		{6DB20863-1A0D-4876-92C2-62BB28DE0FD7}.Release|x86.ActiveCfg = Release|Win32
		{6DB20863-1A0D-4876-92C2-62BB28DE0FD7}.Release|x86.Build.0 = Release|Win32
		{0CBF1640-7BC4-45F5-958D-951A3D5EE741}.Debug|x64.ActiveCfg = Debug|x64
		{0CBF1640-7BC4-45F5-958D-951A3D5EE741}.Debug|x64.Build.0 = Debug|x64
		{0CBF1640-7BC4-45F5-958D-951A3D5EE741}.Debug|x86.ActiveCfg = Debug|Win32
		{0CBF1640-7BC4-45F5-958D-951A3D5EE741}.Debug|x86.Build.0 = Debug|Win32
		{0CBF1640-7BC4-45F5-958D-951A3D5EE741}.Release|x64.ActiveCfg = Release|x64
		{0CBF1640-7BC4-45F5-958D-951A3D5EE741}.Release|x64.Build.0 = Release|x64
		{0CBF1640-7BC4-45F5-958D-951A3D5EE741}.Release|x86.ActiveCfg = Release|Win32
		{0CBF1640-7BC4-45F5-958D-951A3D5EE741}.Release|x86.Build.0 = Release|Win32
		{C739F94B-8D72-4051-B9E5-8EC5C48EB017}.Debug|x64.ActiveCfg = Debug|x64
		{C739F94B-8D72-4051-B9E5-8EC5C48EB017}.Debug|x64.Build.0 = Debug|x64
		{C739F94B-8D72-4051-B9E5-8EC5C48EB017}.Debug|x86.ActiveCfg = Debug|Win32
		{C739F94B-8D72-4051-B9E5-8EC5C48EB017}.Debug|x86.Build.0 = Debug|Win32
		{C739F94B-8D72-4051-B9E5-8EC5C48EB017}.Release|x64.ActiveCfg = Release|x64
		{C739F94B-8D72-4051-B9E5-8EC5C48EB017}.Release|x64.Build.0 = Release|x64
		{C739F94B-8D72-4051-B9E5-8EC5C48EB017}.Release|x86.ActiveCfg = Release|Win32
		{C739F94B-8D72-4051-B9E5-8EC5C48EB017}.Release|x86.Build.0 = Release|Win32
		{C5C98B20-BDA9-4E56-842C-EEA77BFD5F6C}.Debug|x64.ActiveCfg = Debug|x64
		{C5C98B20-BDA9-4E56-842C-EEA77BFD5F6C}.Debug|x64.Build.0 = Debug|x64
		{C5C98B20-BDA9-4E56-842C-EEA77BFD5F6C}.Debug|x86.ActiveCfg = Debug|Win32
		{C5C98B20-BDA9-4E56-842C-EEA77BFD5F6C}.Debug|x86.Build.0 = Debug|Win32
		{C5C98B20-BDA9-4E56-842C-EEA77BFD5F6C}.Release|x64.ActiveCfg = Release|x64
		{C5C98B20-BDA9-4E56-842C-EEA77BFD5F6C}.Release|x64.Build.0 = Release|x64
		{C5C98B20-BDA9-4E56-842C-EEA77BFD5F6C}.Release|x86.ActiveCfg = Release|Win32
		{C5C98B20-BDA9-4E56-842C-EEA77BFD5F6C}.Release|x86.Build.0 = Release|Win32
		{CFCBDD8B-B3FE-4C78-AEFF-1BB42985060A}.Debug|x64.ActiveCfg = Debug|x64
		{CFCBDD8B-B3FE-4C78-AEFF-1BB42985060A}.Debug|x64.Build.0 = Debug|x64
		{CFCBDD8B-B3FE-4C78-AEFF-1BB42985060A}.Debug|x86.ActiveCfg = Debug|Win32
		{CFCBDD8B-B3FE-4C78-AEFF-1BB42985060A}.Debug|x86.Build.0 = Debug|Win32
		{CFCBDD8B-B3FE-4C78-AEFF-1BB42985060A}.Release|x64.ActiveCfg = Release|x64
		{CFCBDD8B-B3FE-4C78-AEFF-1BB42985060A}.Release|x64.Build.0 = Release|x64
		{CFCBDD8B-B3FE-4C78-AEFF-1BB42985060A}.Release|x86.ActiveCfg = Release|Win32
		{CFCBDD8B-B3FE-4C78-AEFF-1BB42985060A}.Release|x86.Build.0 = Release|Win32
		{2EE823AD-2B78-4255-99C5-F68185D72407}.Debug|x64.ActiveCfg = Debug|x64
		{2EE823AD-2B78-4255-99C5-F68185D72407}.Debug|x64.Build.0 = Debug|x64
		{2EE823AD-2B78-4255-99C5-F68185D72407}.Debug|x86.ActiveCfg = Debug|Win32
		{2EE823AD-2B78-4255-99C5-F68185D72407}.Debug|x86.Build.0 = Debug|Win32
		{2EE823AD-2B78-4255-99C5-F68185D72407}.Release|x64.ActiveCfg = Release|x64
		{2EE823AD-2B78-4255-99C5-F68185D72407}.Release|x64.Build.0 = Release|x64
		{2EE823AD-2B78-4255-99C5-F68185D72407}.Release|x86.ActiveCfg = Release|Win32
		{2EE823AD-2B78-4255-99C5-F68185D72407}.Release|x86.Build.0 = Release|Win32
		{B96E37D9-1E80-4F38-B9FA-7DBFFFB97D7F}.Debug|x64.ActiveCfg = Debug|x64
		{B96E37D9-1E80-4F38-B9FA-7DBFFFB97D7F}.Debug|x64.Build.0 = Debug|x64
		{B96E37D9-1E80-4F38-B9FA-7DBFFFB97D7F}.Debug|x86.ActiveCfg = Debug|Win32
		{B96E37D9-1E80-4F38-B9FA-7DBFFFB97D7F}.Debug|x86.Build.0 = Debug|Win32
		{B96E37D9-1E80-4F38-B9FA-7DBFFFB97D7F}.Release|x64.ActiveCfg = Release|x64
		{B96E37D9-1E80-4F38-B9FA-7DBFFFB97D7F}.Release|x64.Build.0 = Release|x64
		{B96E37D9-1E80-4F38-B9FA-7DBFFFB97D7F}.Release|x86.ActiveCfg = Release|Win32
		{B96E37D9-1E80-4F38-B9FA-7DBFFFB97D7F}.Release|x86.Build.0 = Release|Win32
		{1C339024-A21B-45A3-87E7-23F4EE7DCD88}.Debug|x64.ActiveCfg = Debug|x64
		{1C339024-A21B-45A3-87E7-23F4EE7DCD88}.Debug|x64.Build.0 = Debug|x64
		{1C339024-A21B-45A3-87E7-23F4EE7DCD88}.Debug|x86.ActiveCfg = Debug|Win32
		{1C339024-A21B-45A3-87E7-23F4EE7DCD88}.Debug|x86.Build.0 = Debug|Win32
		{1C339024-A21B-45A3-87E7-23F4EE7DCD88}.Release|x64.ActiveCfg = Release|x64
		{1C339024-A21B-45A3-87E7-23F4EE7DCD88}.Release|x64.Build.0 = Release|x64
		{1C339024-A21B-45A3-87E7-23F4EE7DCD88}.Release|x86.ActiveCfg = Release|Win32
		{1C339024-A21B-45A3-87E7-23F4EE7DCD88}.Release|x86.Build.0 = Release|Win32
		{9AA33C95-3065-4A8A-87A9-B271A1F7F67D}.Debug|x64.ActiveCfg = Debug|x64
		{9AA33C95-3065-4A8A-87A9-B271A1F7F67D}.Debug|x64.Build.0 = Debug|x64
		{9AA33C95-3065-4A8A-87A9-B271A1F7F67D}.Debug|x86.ActiveCfg = Debug|Win32
		{9AA33C95-3065-4A8A-87A9-B271A1F7F67D}.Debug|x86.Build.0 = Debug|Win32
		{9AA33C95-3065-4A8A-87A9-B271A1F7F67D}.Release|x64.ActiveCfg = Release|x64
		{9AA33C95-3065-4A8A-87A9-B271A1F7F67D}.Release|x64.Build.0 = Release|x64
		{9AA33C95-3065-4A8A-87A9-B271A1F7F67D}.Release|x86.ActiveCfg = Release|Win32
		{9AA33C95-3065-4A8A-87A9-B271A1F7F67D}.Release|x86.Build.0 = Release|Win32
		{44D81BFF-2BFE-47C7-96A1-C65FA616B288}.Debug|x64.ActiveCfg = Debug|x64
		{44D81BFF-2BFE-47C7-96A1-C65FA616B288}.Debug|x64.Build.0 = Debug|x64
		{44D81BFF-2BFE-47C7-96A1-C65FA616B288}.Debug|x86.ActiveCfg = Debug|Win32
		{44D81BFF-2BFE-47C7-96A1-C65FA616B288}.Debug|x86.Build.0 = Debug|Win32
		{44D81BFF-2BFE-47C7-96A1-C65FA616B288}.Release|x64.ActiveCfg = Release|x64
		{44D81BFF-2BFE-47C7-96A1-C65FA616B288}.Release|x64.Build.0 = Release|x64
		{44D81BFF-2BFE-47C7-96A1-C65FA616B288}.Release|x86.ActiveCfg = Release|Win32
		{44D81BFF-2BFE-47C7-96A1-C65FA616B288}.Release|x86.Build.0 = Release|Win32
		{0CF5FC21-B234-454A-B242-4D7C8219047E}.Debug|x64.ActiveCfg = Debug|x64
		{0CF5FC21-B234-454A-B242-4D7C8219047E}.Debug|x64.Build.0 = Debug|x64
		{0CF5FC21-B234-454A-B242-4D7C8219047E}.Debug|x86.ActiveCfg = Debug|Win32
		{0CF5FC21-B234-454A-B242-4D7C8219047E}.Debug|x86.Build.0 = Debug|Win32
		{0CF5FC21-B234-454A-B242-4D7C8219047E}.Release|x64.ActiveCfg = Release|x64
		{0CF5FC21-B234-454A-B242-4D7C8219047E}.Release|x64.Build.0 = Release|x64
		{0CF5FC21-B234-454A-B242-4D7C8219047E}.Release|x86.ActiveCfg = Release|Win32
		{0CF5FC21-B234-454A-B242-4D7C8219047E}.Release|x86.Build.0 = Release|Win32
		{C87E7135-0F70-42E2-918F-76D5C94D6D17}.Debug|x64.ActiveCfg = Debug|x64
		{C87E7135-0F70-42E2-918F-76D5C94D6D17}.Debug|x64.Build.0 = Debug|x64
		{C87E7135-0F70-42E2-918F-76D5C94D6D17}.Debug|x86.ActiveCfg = Debug|Win32
		{C87E7135-0F70-42E2-918F-76D5C94D6D17}.Debug|x86.Build.0 = Debug|Win32
		{C87E7135-0F70-42E2-918F-76D5C94D6D17}.Release|x64.ActiveCfg = Release|x64
		{C87E7135-0F70-42E2-918F-76D5C94D6D17}.Release|x64.Build.0 = Release|x64
		{C87E7135-0F70-42E2-918F-76D5C94D6D17}.Release|x86.ActiveCfg = Release|Win32
		{C87E7135-0F70-42E2-918F-76D5C94D6D17}.Release|x86.Build.0 = Release|Win32
		{23AB9C84-40AB-4E52-86D0-E1C6E5995108}.Debug|x64.ActiveCfg = Debug|x64
		{23AB9C84-40AB-4E52-86D0-E1C6E5995108}.Debug|x64.Build.0 = Debug|x64
		{23AB9C84-40AB-4E52-86D0-E1C6E5995108}.Debug|x86.ActiveCfg = Debug|Win32
		{23AB9C84-40AB-4E52-86D0-E1C6E5995108}.Debug|x86.Build.0 = Debug|Win32
		{23AB9C84-40AB-4E52-86D0-E1C6E5995108}.Release|x64.ActiveCfg = Release|x64
		{23AB9C84-40AB-4E52-86D0-E1C6E5995108}.Release|x64.Build.0 = Release|x64
		{23AB9C84-40AB-4E52-86D0-E1C6E5995108}.Release|x86.ActiveCfg = Release|Win32
		{23AB9C84-40AB-4E52-86D0-E1C6E5995108}.Release|x86.Build.0 = Release|Win32
		{69854145-58EB-4596-B3F0-37848B097F49}.Debug|x64.ActiveCfg = Debug|x64
		{69854145-58EB-4596-B3F0-37848B097F49}.Debug|x64.Build.0 = Debug|x64
		{69854145-58EB-4596-B3F0-37848B097F49}.Debug|x86.ActiveCfg = Debug|Win32
		{69854145-58EB-4596-B3F0-37848B097F49}.Debug|x86.Build.0 = Debug|Win32
		{69854145-58EB-4596-B3F0-37848B097F49}.Release|x64.ActiveCfg = Release|x64
		{69854145-58EB-4596-B3F0-37848B097F49}.Release|x64.Build.0 = Release|x64
		{69854145-58EB-4596-B3F0-37848B097F49}.Release|x86.ActiveCfg = Release|Win32
		{69854145-58EB-4596-B3F0-37848B097F49}.Release|x86.Build.0 = Release|Win32
		{76D87143-25FE-4C44-947D-EE553C874B23}.Debug|x64.ActiveCfg = Debug|x64
		{76D87143-25FE-4C44-947D-EE553C874B23}.Debug|x64.Build.0 = Debug|x64
		{76D87143-25FE-4C44-947D-EE553C874B23}.Debug|x86.ActiveCfg = Debug|Win32
		{76D87143-25FE-4C44-947D-EE553C874B23}.Debug|x86.Build.0 = Debug|Win32
		{76D87143-25FE-4C44-947D-EE553C874B23}.Release|x64.ActiveCfg = Release|x64
		{76D87143-25FE-4C44-947D-EE553C874B23}.Release|x64.Build.0 = Release|x64
		{76D87143-25FE-4C44-947D-EE553C874B23}.Release|x86.ActiveCfg = Release|Win32
		{76D87143-25FE-4C44-947D-EE553C874B23}.Release|x86.Build.0 = Release|Win32
		{BDA178A0-919D-481C-989B-DA27499E081C}.Debug|x64.ActiveCfg = Debug|x64
		{BDA178A0-919D-481C-989B-DA27499E081C}.Debug|x64.Build.0 = Debug|x64
		{BDA178A0-919D-481C-989B-DA27499E081C}.Debug|x86.ActiveCfg = Debug|Win32
		{BDA178A0-919D-481C-989B-DA27499E081C}.Debug|x86.Build.0 = Debug|Win32
		{BDA178A0-919D-481C-989B-DA27499E081C}.Release|x64.ActiveCfg = Release|x64
		{BDA178A0-919D-481C-989B-DA27499E081C}.Release|x64.Build.0 = Release|x64
		{BDA178A0-919D-481C-989B-DA27499E081C}.Release|x86.ActiveCfg = Release|Win32
		{BDA178A0-919D-481C-989B-DA27499E081C}.Release|x86.Build.0 = Release|Win32
	EndGlobalSection
	GlobalSection(SolutionProperties) = preSolution
		HideSolutionNode = FALSE
	EndGlobalSection
	GlobalSection(ExtensibilityGlobals) = postSolution
		SolutionGuid = {D9AA38CD-F90F-4299-9735-207C81F5C1BD}
	EndGlobalSection
EndGlobal
